// !$*UTF8*$!
{
	archiveVersion = 1;
	classes = {
	};
	objectVersion = 50;
	objects = {

/* Begin PBXBuildFile section */
		2D169F2E25B862C30016C678 /* GradientView.swift in Sources */ = {isa = PBXBuildFile; fileRef = 2D169F2D25B862C30016C678 /* GradientView.swift */; };
		2D8769A625B6E13A00059EE5 /* AppDelegate.swift in Sources */ = {isa = PBXBuildFile; fileRef = 2D8769A525B6E13A00059EE5 /* AppDelegate.swift */; };
		2D8769A825B6E13A00059EE5 /* SceneDelegate.swift in Sources */ = {isa = PBXBuildFile; fileRef = 2D8769A725B6E13A00059EE5 /* SceneDelegate.swift */; };
		2D8769AA25B6E13A00059EE5 /* ViewController.swift in Sources */ = {isa = PBXBuildFile; fileRef = 2D8769A925B6E13A00059EE5 /* ViewController.swift */; };
		2D8769AD25B6E13A00059EE5 /* Main.storyboard in Resources */ = {isa = PBXBuildFile; fileRef = 2D8769AB25B6E13A00059EE5 /* Main.storyboard */; };
		2D8769AF25B6E13B00059EE5 /* Assets.xcassets in Resources */ = {isa = PBXBuildFile; fileRef = 2D8769AE25B6E13B00059EE5 /* Assets.xcassets */; };
		2D8769B225B6E13B00059EE5 /* LaunchScreen.storyboard in Resources */ = {isa = PBXBuildFile; fileRef = 2D8769B025B6E13B00059EE5 /* LaunchScreen.storyboard */; };
		2DD6957425C2DAB200C34736 /* Geometry.swift in Sources */ = {isa = PBXBuildFile; fileRef = 2DD6957325C2DAB200C34736 /* Geometry.swift */; };
/* End PBXBuildFile section */

/* Begin PBXFileReference section */
		2D169F2D25B862C30016C678 /* GradientView.swift */ = {isa = PBXFileReference; lastKnownFileType = sourcecode.swift; path = GradientView.swift; sourceTree = "<group>"; };
		2D8769A225B6E13A00059EE5 /* gradients.app */ = {isa = PBXFileReference; explicitFileType = wrapper.application; includeInIndex = 0; path = gradients.app; sourceTree = BUILT_PRODUCTS_DIR; };
		2D8769A525B6E13A00059EE5 /* AppDelegate.swift */ = {isa = PBXFileReference; lastKnownFileType = sourcecode.swift; path = AppDelegate.swift; sourceTree = "<group>"; };
		2D8769A725B6E13A00059EE5 /* SceneDelegate.swift */ = {isa = PBXFileReference; lastKnownFileType = sourcecode.swift; path = SceneDelegate.swift; sourceTree = "<group>"; };
		2D8769A925B6E13A00059EE5 /* ViewController.swift */ = {isa = PBXFileReference; lastKnownFileType = sourcecode.swift; path = ViewController.swift; sourceTree = "<group>"; };
		2D8769AC25B6E13A00059EE5 /* Base */ = {isa = PBXFileReference; lastKnownFileType = file.storyboard; name = Base; path = Base.lproj/Main.storyboard; sourceTree = "<group>"; };
		2D8769AE25B6E13B00059EE5 /* Assets.xcassets */ = {isa = PBXFileReference; lastKnownFileType = folder.assetcatalog; path = Assets.xcassets; sourceTree = "<group>"; };
		2D8769B125B6E13B00059EE5 /* Base */ = {isa = PBXFileReference; lastKnownFileType = file.storyboard; name = Base; path = Base.lproj/LaunchScreen.storyboard; sourceTree = "<group>"; };
		2D8769B325B6E13B00059EE5 /* Info.plist */ = {isa = PBXFileReference; lastKnownFileType = text.plist.xml; path = Info.plist; sourceTree = "<group>"; };
		2DD6957325C2DAB200C34736 /* Geometry.swift */ = {isa = PBXFileReference; lastKnownFileType = sourcecode.swift; path = Geometry.swift; sourceTree = "<group>"; };
/* End PBXFileReference section */

/* Begin PBXFrameworksBuildPhase section */
		2D87699F25B6E13A00059EE5 /* Frameworks */ = {
			isa = PBXFrameworksBuildPhase;
			buildActionMask = 2147483647;
			files = (
			);
			runOnlyForDeploymentPostprocessing = 0;
		};
/* End PBXFrameworksBuildPhase section */

/* Begin PBXGroup section */
		2D169F2C25B8629C0016C678 /* New Group */ = {
			isa = PBXGroup;
			children = (
				2D8769AE25B6E13B00059EE5 /* Assets.xcassets */,
				2D8769B025B6E13B00059EE5 /* LaunchScreen.storyboard */,
				2D8769A525B6E13A00059EE5 /* AppDelegate.swift */,
				2D8769A725B6E13A00059EE5 /* SceneDelegate.swift */,
			);
			path = "New Group";
			sourceTree = "<group>";
		};
		2D87699925B6E13A00059EE5 = {
			isa = PBXGroup;
			children = (
				2D8769A425B6E13A00059EE5 /* gradients */,
				2D8769A325B6E13A00059EE5 /* Products */,
			);
			sourceTree = "<group>";
		};
		2D8769A325B6E13A00059EE5 /* Products */ = {
			isa = PBXGroup;
			children = (
				2D8769A225B6E13A00059EE5 /* gradients.app */,
			);
			name = Products;
			sourceTree = "<group>";
		};
		2D8769A425B6E13A00059EE5 /* gradients */ = {
			isa = PBXGroup;
			children = (
				2D8769B325B6E13B00059EE5 /* Info.plist */,
				2D169F2C25B8629C0016C678 /* New Group */,
				2D8769A925B6E13A00059EE5 /* ViewController.swift */,
				2D8769AB25B6E13A00059EE5 /* Main.storyboard */,
				2D169F2D25B862C30016C678 /* GradientView.swift */,
				2DD6957325C2DAB200C34736 /* Geometry.swift */,
			);
			path = gradients;
			sourceTree = "<group>";
		};
/* End PBXGroup section */

/* Begin PBXNativeTarget section */
		2D8769A125B6E13A00059EE5 /* gradients */ = {
			isa = PBXNativeTarget;
			buildConfigurationList = 2D8769B625B6E13B00059EE5 /* Build configuration list for PBXNativeTarget "gradients" */;
			buildPhases = (
				2D87699E25B6E13A00059EE5 /* Sources */,
				2D87699F25B6E13A00059EE5 /* Frameworks */,
				2D8769A025B6E13A00059EE5 /* Resources */,
			);
			buildRules = (
			);
			dependencies = (
			);
			name = gradients;
			productName = gradients;
			productReference = 2D8769A225B6E13A00059EE5 /* gradients.app */;
			productType = "com.apple.product-type.application";
		};
/* End PBXNativeTarget section */

/* Begin PBXProject section */
		2D87699A25B6E13A00059EE5 /* Project object */ = {
			isa = PBXProject;
			attributes = {
				LastSwiftUpdateCheck = 1230;
				LastUpgradeCheck = 1230;
				TargetAttributes = {
					2D8769A125B6E13A00059EE5 = {
						CreatedOnToolsVersion = 12.3;
					};
				};
			};
			buildConfigurationList = 2D87699D25B6E13A00059EE5 /* Build configuration list for PBXProject "gradients" */;
			compatibilityVersion = "Xcode 9.3";
			developmentRegion = en;
			hasScannedForEncodings = 0;
			knownRegions = (
				en,
				Base,
			);
			mainGroup = 2D87699925B6E13A00059EE5;
			productRefGroup = 2D8769A325B6E13A00059EE5 /* Products */;
			projectDirPath = "";
			projectRoot = "";
			targets = (
				2D8769A125B6E13A00059EE5 /* gradients */,
			);
		};
/* End PBXProject section */

/* Begin PBXResourcesBuildPhase section */
		2D8769A025B6E13A00059EE5 /* Resources */ = {
			isa = PBXResourcesBuildPhase;
			buildActionMask = 2147483647;
			files = (
				2D8769B225B6E13B00059EE5 /* LaunchScreen.storyboard in Resources */,
				2D8769AF25B6E13B00059EE5 /* Assets.xcassets in Resources */,
				2D8769AD25B6E13A00059EE5 /* Main.storyboard in Resources */,
			);
			runOnlyForDeploymentPostprocessing = 0;
		};
/* End PBXResourcesBuildPhase section */

/* Begin PBXSourcesBuildPhase section */
		2D87699E25B6E13A00059EE5 /* Sources */ = {
			isa = PBXSourcesBuildPhase;
			buildActionMask = 2147483647;
			files = (
				2D8769AA25B6E13A00059EE5 /* ViewController.swift in Sources */,
				2D8769A625B6E13A00059EE5 /* AppDelegate.swift in Sources */,
				2D169F2E25B862C30016C678 /* GradientView.swift in Sources */,
				2D8769A825B6E13A00059EE5 /* SceneDelegate.swift in Sources */,
				2DD6957425C2DAB200C34736 /* Geometry.swift in Sources */,
			);
			runOnlyForDeploymentPostprocessing = 0;
		};
/* End PBXSourcesBuildPhase section */

/* Begin PBXVariantGroup section */
		2D8769AB25B6E13A00059EE5 /* Main.storyboard */ = {
			isa = PBXVariantGroup;
			children = (
				2D8769AC25B6E13A00059EE5 /* Base */,
			);
			name = Main.storyboard;
			sourceTree = "<group>";
		};
		2D8769B025B6E13B00059EE5 /* LaunchScreen.storyboard */ = {
			isa = PBXVariantGroup;
			children = (
				2D8769B125B6E13B00059EE5 /* Base */,
			);
			name = LaunchScreen.storyboard;
			sourceTree = "<group>";
		};
/* End PBXVariantGroup section */

/* Begin XCBuildConfiguration section */
		2D8769B425B6E13B00059EE5 /* Debug */ = {
			isa = XCBuildConfiguration;
			buildSettings = {
				ALWAYS_SEARCH_USER_PATHS = NO;
				CLANG_ANALYZER_NONNULL = YES;
				CLANG_ANALYZER_NUMBER_OBJECT_CONVERSION = YES_AGGRESSIVE;
				CLANG_CXX_LANGUAGE_STANDARD = "gnu++14";
				CLANG_CXX_LIBRARY = "libc++";
				CLANG_ENABLE_MODULES = YES;
				CLANG_ENABLE_OBJC_ARC = YES;
				CLANG_ENABLE_OBJC_WEAK = YES;
				CLANG_WARN_BLOCK_CAPTURE_AUTORELEASING = YES;
				CLANG_WARN_BOOL_CONVERSION = YES;
				CLANG_WARN_COMMA = YES;
				CLANG_WARN_CONSTANT_CONVERSION = YES;
				CLANG_WARN_DEPRECATED_OBJC_IMPLEMENTATIONS = YES;
				CLANG_WARN_DIRECT_OBJC_ISA_USAGE = YES_ERROR;
				CLANG_WARN_DOCUMENTATION_COMMENTS = YES;
				CLANG_WARN_EMPTY_BODY = YES;
				CLANG_WARN_ENUM_CONVERSION = YES;
				CLANG_WARN_INFINITE_RECURSION = YES;
				CLANG_WARN_INT_CONVERSION = YES;
				CLANG_WARN_NON_LITERAL_NULL_CONVERSION = YES;
				CLANG_WARN_OBJC_IMPLICIT_RETAIN_SELF = YES;
				CLANG_WARN_OBJC_LITERAL_CONVERSION = YES;
				CLANG_WARN_OBJC_ROOT_CLASS = YES_ERROR;
				CLANG_WARN_QUOTED_INCLUDE_IN_FRAMEWORK_HEADER = YES;
				CLANG_WARN_RANGE_LOOP_ANALYSIS = YES;
				CLANG_WARN_STRICT_PROTOTYPES = YES;
				CLANG_WARN_SUSPICIOUS_MOVE = YES;
				CLANG_WARN_UNGUARDED_AVAILABILITY = YES_AGGRESSIVE;
				CLANG_WARN_UNREACHABLE_CODE = YES;
				CLANG_WARN__DUPLICATE_METHOD_MATCH = YES;
				COPY_PHASE_STRIP = NO;
				DEBUG_INFORMATION_FORMAT = dwarf;
				ENABLE_STRICT_OBJC_MSGSEND = YES;
				ENABLE_TESTABILITY = YES;
				GCC_C_LANGUAGE_STANDARD = gnu11;
				GCC_DYNAMIC_NO_PIC = NO;
				GCC_NO_COMMON_BLOCKS = YES;
				GCC_OPTIMIZATION_LEVEL = 0;
				GCC_PREPROCESSOR_DEFINITIONS = (
					"DEBUG=1",
					"$(inherited)",
				);
				GCC_WARN_64_TO_32_BIT_CONVERSION = YES;
				GCC_WARN_ABOUT_RETURN_TYPE = YES_ERROR;
				GCC_WARN_UNDECLARED_SELECTOR = YES;
				GCC_WARN_UNINITIALIZED_AUTOS = YES_AGGRESSIVE;
				GCC_WARN_UNUSED_FUNCTION = YES;
				GCC_WARN_UNUSED_VARIABLE = YES;
				IPHONEOS_DEPLOYMENT_TARGET = 14.3;
				MTL_ENABLE_DEBUG_INFO = INCLUDE_SOURCE;
				MTL_FAST_MATH = YES;
				ONLY_ACTIVE_ARCH = YES;
				SDKROOT = iphoneos;
				SWIFT_ACTIVE_COMPILATION_CONDITIONS = DEBUG;
				SWIFT_OPTIMIZATION_LEVEL = "-Onone";
			};
			name = Debug;
		};
		2D8769B525B6E13B00059EE5 /* Release */ = {
			isa = XCBuildConfiguration;
			buildSettings = {
				ALWAYS_SEARCH_USER_PATHS = NO;
				CLANG_ANALYZER_NONNULL = YES;
				CLANG_ANALYZER_NUMBER_OBJECT_CONVERSION = YES_AGGRESSIVE;
				CLANG_CXX_LANGUAGE_STANDARD = "gnu++14";
				CLANG_CXX_LIBRARY = "libc++";
				CLANG_ENABLE_MODULES = YES;
				CLANG_ENABLE_OBJC_ARC = YES;
				CLANG_ENABLE_OBJC_WEAK = YES;
				CLANG_WARN_BLOCK_CAPTURE_AUTORELEASING = YES;
				CLANG_WARN_BOOL_CONVERSION = YES;
				CLANG_WARN_COMMA = YES;
				CLANG_WARN_CONSTANT_CONVERSION = YES;
				CLANG_WARN_DEPRECATED_OBJC_IMPLEMENTATIONS = YES;
				CLANG_WARN_DIRECT_OBJC_ISA_USAGE = YES_ERROR;
				CLANG_WARN_DOCUMENTATION_COMMENTS = YES;
				CLANG_WARN_EMPTY_BODY = YES;
				CLANG_WARN_ENUM_CONVERSION = YES;
				CLANG_WARN_INFINITE_RECURSION = YES;
				CLANG_WARN_INT_CONVERSION = YES;
				CLANG_WARN_NON_LITERAL_NULL_CONVERSION = YES;
				CLANG_WARN_OBJC_IMPLICIT_RETAIN_SELF = YES;
				CLANG_WARN_OBJC_LITERAL_CONVERSION = YES;
				CLANG_WARN_OBJC_ROOT_CLASS = YES_ERROR;
				CLANG_WARN_QUOTED_INCLUDE_IN_FRAMEWORK_HEADER = YES;
				CLANG_WARN_RANGE_LOOP_ANALYSIS = YES;
				CLANG_WARN_STRICT_PROTOTYPES = YES;
				CLANG_WARN_SUSPICIOUS_MOVE = YES;
				CLANG_WARN_UNGUARDED_AVAILABILITY = YES_AGGRESSIVE;
				CLANG_WARN_UNREACHABLE_CODE = YES;
				CLANG_WARN__DUPLICATE_METHOD_MATCH = YES;
				COPY_PHASE_STRIP = NO;
				DEBUG_INFORMATION_FORMAT = "dwarf-with-dsym";
				ENABLE_NS_ASSERTIONS = NO;
				ENABLE_STRICT_OBJC_MSGSEND = YES;
				GCC_C_LANGUAGE_STANDARD = gnu11;
				GCC_NO_COMMON_BLOCKS = YES;
				GCC_WARN_64_TO_32_BIT_CONVERSION = YES;
				GCC_WARN_ABOUT_RETURN_TYPE = YES_ERROR;
				GCC_WARN_UNDECLARED_SELECTOR = YES;
				GCC_WARN_UNINITIALIZED_AUTOS = YES_AGGRESSIVE;
				GCC_WARN_UNUSED_FUNCTION = YES;
				GCC_WARN_UNUSED_VARIABLE = YES;
				IPHONEOS_DEPLOYMENT_TARGET = 14.3;
				MTL_ENABLE_DEBUG_INFO = NO;
				MTL_FAST_MATH = YES;
				SDKROOT = iphoneos;
				SWIFT_COMPILATION_MODE = wholemodule;
				SWIFT_OPTIMIZATION_LEVEL = "-O";
				VALIDATE_PRODUCT = YES;
			};
			name = Release;
		};
		2D8769B725B6E13B00059EE5 /* Debug */ = {
			isa = XCBuildConfiguration;
			buildSettings = {
				ASSETCATALOG_COMPILER_APPICON_NAME = AppIcon;
				ASSETCATALOG_COMPILER_GLOBAL_ACCENT_COLOR_NAME = AccentColor;
				CODE_SIGN_STYLE = Automatic;
				DEVELOPMENT_TEAM = 49X97QXFJP;
				INFOPLIST_FILE = gradients/Info.plist;
				LD_RUNPATH_SEARCH_PATHS = (
					"$(inherited)",
					"@executable_path/Frameworks",
				);
				PRODUCT_BUNDLE_IDENTIFIER = ai.doubletapp.gradients;
				PRODUCT_NAME = "$(TARGET_NAME)";
				SWIFT_VERSION = 5.0;
				TARGETED_DEVICE_FAMILY = "1,2";
			};
			name = Debug;
		};
		2D8769B825B6E13B00059EE5 /* Release */ = {
			isa = XCBuildConfiguration;
			buildSettings = {
				ASSETCATALOG_COMPILER_APPICON_NAME = AppIcon;
				ASSETCATALOG_COMPILER_GLOBAL_ACCENT_COLOR_NAME = AccentColor;
				CODE_SIGN_STYLE = Automatic;
				DEVELOPMENT_TEAM = 49X97QXFJP;
				INFOPLIST_FILE = gradients/Info.plist;
				LD_RUNPATH_SEARCH_PATHS = (
					"$(inherited)",
					"@executable_path/Frameworks",
				);
				PRODUCT_BUNDLE_IDENTIFIER = ai.doubletapp.gradients;
				PRODUCT_NAME = "$(TARGET_NAME)";
				SWIFT_VERSION = 5.0;
				TARGETED_DEVICE_FAMILY = "1,2";
			};
			name = Release;
		};
/* End XCBuildConfiguration section */

/* Begin XCConfigurationList section */
		2D87699D25B6E13A00059EE5 /* Build configuration list for PBXProject "gradients" */ = {
			isa = XCConfigurationList;
			buildConfigurations = (
				2D8769B425B6E13B00059EE5 /* Debug */,
				2D8769B525B6E13B00059EE5 /* Release */,
			);
			defaultConfigurationIsVisible = 0;
			defaultConfigurationName = Release;
		};
		2D8769B625B6E13B00059EE5 /* Build configuration list for PBXNativeTarget "gradients" */ = {
			isa = XCConfigurationList;
			buildConfigurations = (
				2D8769B725B6E13B00059EE5 /* Debug */,
				2D8769B825B6E13B00059EE5 /* Release */,
			);
			defaultConfigurationIsVisible = 0;
			defaultConfigurationName = Release;
		};
/* End XCConfigurationList section */
	};
	rootObject = 2D87699A25B6E13A00059EE5 /* Project object */;
}
